// !$*UTF8*$!
{
	archiveVersion = 1;
	classes = {
	};
	objectVersion = 51;
	objects = {

/* Begin PBXBuildFile section */
		4ADC9F032329FD7C00DD8ED9 /* AppDelegate.swift in Sources */ = {isa = PBXBuildFile; fileRef = 4ADC9F022329FD7C00DD8ED9 /* AppDelegate.swift */; };
		4ADC9F052329FD7C00DD8ED9 /* SceneDelegate.swift in Sources */ = {isa = PBXBuildFile; fileRef = 4ADC9F042329FD7C00DD8ED9 /* SceneDelegate.swift */; };
		4ADC9F072329FD7C00DD8ED9 /* ViewController.swift in Sources */ = {isa = PBXBuildFile; fileRef = 4ADC9F062329FD7C00DD8ED9 /* ViewController.swift */; };
		4ADC9F0A2329FD7C00DD8ED9 /* Main.storyboard in Resources */ = {isa = PBXBuildFile; fileRef = 4ADC9F082329FD7C00DD8ED9 /* Main.storyboard */; };
		4ADC9F0C2329FD7E00DD8ED9 /* Assets.xcassets in Resources */ = {isa = PBXBuildFile; fileRef = 4ADC9F0B2329FD7E00DD8ED9 /* Assets.xcassets */; };
		4ADC9F0F2329FD7E00DD8ED9 /* LaunchScreen.storyboard in Resources */ = {isa = PBXBuildFile; fileRef = 4ADC9F0D2329FD7E00DD8ED9 /* LaunchScreen.storyboard */; };
		4ADC9F18232A033B00DD8ED9 /* DayCell.swift in Sources */ = {isa = PBXBuildFile; fileRef = 4ADC9F17232A033B00DD8ED9 /* DayCell.swift */; };
		4ADC9F1B232A072F00DD8ED9 /* PollutionType.swift in Sources */ = {isa = PBXBuildFile; fileRef = 4ADC9F1A232A072F00DD8ED9 /* PollutionType.swift */; };
		4ADC9F1D232A599F00DD8ED9 /* AverageView.swift in Sources */ = {isa = PBXBuildFile; fileRef = 4ADC9F1C232A599F00DD8ED9 /* AverageView.swift */; };
		9D90F183447BE9F98F633732 /* Pods_PollutionCalendar_POC.framework in Frameworks */ = {isa = PBXBuildFile; fileRef = 2A6A2BA0D244F6E26D6600A9 /* Pods_PollutionCalendar_POC.framework */; };
/* End PBXBuildFile section */

/* Begin PBXFileReference section */
		2A6A2BA0D244F6E26D6600A9 /* Pods_PollutionCalendar_POC.framework */ = {isa = PBXFileReference; explicitFileType = wrapper.framework; includeInIndex = 0; path = Pods_PollutionCalendar_POC.framework; sourceTree = BUILT_PRODUCTS_DIR; };
		4ADC9EFF2329FD7C00DD8ED9 /* PollutionCalendar-POC.app */ = {isa = PBXFileReference; explicitFileType = wrapper.application; includeInIndex = 0; path = "PollutionCalendar-POC.app"; sourceTree = BUILT_PRODUCTS_DIR; };
		4ADC9F022329FD7C00DD8ED9 /* AppDelegate.swift */ = {isa = PBXFileReference; lastKnownFileType = sourcecode.swift; path = AppDelegate.swift; sourceTree = "<group>"; };
		4ADC9F042329FD7C00DD8ED9 /* SceneDelegate.swift */ = {isa = PBXFileReference; lastKnownFileType = sourcecode.swift; path = SceneDelegate.swift; sourceTree = "<group>"; };
		4ADC9F062329FD7C00DD8ED9 /* ViewController.swift */ = {isa = PBXFileReference; lastKnownFileType = sourcecode.swift; path = ViewController.swift; sourceTree = "<group>"; };
		4ADC9F092329FD7C00DD8ED9 /* Base */ = {isa = PBXFileReference; lastKnownFileType = file.storyboard; name = Base; path = Base.lproj/Main.storyboard; sourceTree = "<group>"; };
		4ADC9F0B2329FD7E00DD8ED9 /* Assets.xcassets */ = {isa = PBXFileReference; lastKnownFileType = folder.assetcatalog; path = Assets.xcassets; sourceTree = "<group>"; };
		4ADC9F0E2329FD7E00DD8ED9 /* Base */ = {isa = PBXFileReference; lastKnownFileType = file.storyboard; name = Base; path = Base.lproj/LaunchScreen.storyboard; sourceTree = "<group>"; };
		4ADC9F102329FD7E00DD8ED9 /* Info.plist */ = {isa = PBXFileReference; lastKnownFileType = text.plist.xml; path = Info.plist; sourceTree = "<group>"; };
		4ADC9F17232A033B00DD8ED9 /* DayCell.swift */ = {isa = PBXFileReference; lastKnownFileType = sourcecode.swift; path = DayCell.swift; sourceTree = "<group>"; };
		4ADC9F1A232A072F00DD8ED9 /* PollutionType.swift */ = {isa = PBXFileReference; lastKnownFileType = sourcecode.swift; path = PollutionType.swift; sourceTree = "<group>"; };
		4ADC9F1C232A599F00DD8ED9 /* AverageView.swift */ = {isa = PBXFileReference; lastKnownFileType = sourcecode.swift; path = AverageView.swift; sourceTree = "<group>"; };
		5D191404349FFAFEE3095240 /* Pods-PollutionCalendar-POC.release.xcconfig */ = {isa = PBXFileReference; includeInIndex = 1; lastKnownFileType = text.xcconfig; name = "Pods-PollutionCalendar-POC.release.xcconfig"; path = "Target Support Files/Pods-PollutionCalendar-POC/Pods-PollutionCalendar-POC.release.xcconfig"; sourceTree = "<group>"; };
		80EF3953245D493FE7771079 /* Pods-PollutionCalendar-POC.debug.xcconfig */ = {isa = PBXFileReference; includeInIndex = 1; lastKnownFileType = text.xcconfig; name = "Pods-PollutionCalendar-POC.debug.xcconfig"; path = "Target Support Files/Pods-PollutionCalendar-POC/Pods-PollutionCalendar-POC.debug.xcconfig"; sourceTree = "<group>"; };
/* End PBXFileReference section */

/* Begin PBXFrameworksBuildPhase section */
		4ADC9EFC2329FD7C00DD8ED9 /* Frameworks */ = {
			isa = PBXFrameworksBuildPhase;
			buildActionMask = 2147483647;
			files = (
				9D90F183447BE9F98F633732 /* Pods_PollutionCalendar_POC.framework in Frameworks */,
			);
			runOnlyForDeploymentPostprocessing = 0;
		};
/* End PBXFrameworksBuildPhase section */

/* Begin PBXGroup section */
		2978408AFA38673A1B5224F4 /* Frameworks */ = {
			isa = PBXGroup;
			children = (
				2A6A2BA0D244F6E26D6600A9 /* Pods_PollutionCalendar_POC.framework */,
			);
			name = Frameworks;
			sourceTree = "<group>";
		};
		4ADC9EF62329FD7C00DD8ED9 = {
			isa = PBXGroup;
			children = (
				4ADC9F012329FD7C00DD8ED9 /* PollutionCalendar-POC */,
				4ADC9F002329FD7C00DD8ED9 /* Products */,
				63030FB3C13EFD8BD380A698 /* Pods */,
				2978408AFA38673A1B5224F4 /* Frameworks */,
			);
			sourceTree = "<group>";
		};
		4ADC9F002329FD7C00DD8ED9 /* Products */ = {
			isa = PBXGroup;
			children = (
				4ADC9EFF2329FD7C00DD8ED9 /* PollutionCalendar-POC.app */,
			);
			name = Products;
			sourceTree = "<group>";
		};
		4ADC9F012329FD7C00DD8ED9 /* PollutionCalendar-POC */ = {
			isa = PBXGroup;
			children = (
				4ADC9F022329FD7C00DD8ED9 /* AppDelegate.swift */,
				4ADC9F042329FD7C00DD8ED9 /* SceneDelegate.swift */,
				4ADC9F19232A071900DD8ED9 /* Model */,
				4ADC9F16232A022100DD8ED9 /* Calendar */,
				4ADC9F062329FD7C00DD8ED9 /* ViewController.swift */,
				4ADC9F082329FD7C00DD8ED9 /* Main.storyboard */,
				4ADC9F0B2329FD7E00DD8ED9 /* Assets.xcassets */,
				4ADC9F0D2329FD7E00DD8ED9 /* LaunchScreen.storyboard */,
				4ADC9F102329FD7E00DD8ED9 /* Info.plist */,
			);
			path = "PollutionCalendar-POC";
			sourceTree = "<group>";
		};
		4ADC9F16232A022100DD8ED9 /* Calendar */ = {
			isa = PBXGroup;
			children = (
				4ADC9F17232A033B00DD8ED9 /* DayCell.swift */,
				4ADC9F1C232A599F00DD8ED9 /* AverageView.swift */,
			);
			path = Calendar;
			sourceTree = "<group>";
		};
		4ADC9F19232A071900DD8ED9 /* Model */ = {
			isa = PBXGroup;
			children = (
				4ADC9F1A232A072F00DD8ED9 /* PollutionType.swift */,
			);
			path = Model;
			sourceTree = "<group>";
		};
		63030FB3C13EFD8BD380A698 /* Pods */ = {
			isa = PBXGroup;
			children = (
				80EF3953245D493FE7771079 /* Pods-PollutionCalendar-POC.debug.xcconfig */,
				5D191404349FFAFEE3095240 /* Pods-PollutionCalendar-POC.release.xcconfig */,
			);
			path = Pods;
			sourceTree = "<group>";
		};
/* End PBXGroup section */

/* Begin PBXNativeTarget section */
		4ADC9EFE2329FD7C00DD8ED9 /* PollutionCalendar-POC */ = {
			isa = PBXNativeTarget;
			buildConfigurationList = 4ADC9F132329FD7E00DD8ED9 /* Build configuration list for PBXNativeTarget "PollutionCalendar-POC" */;
			buildPhases = (
				8949AEBACE16F288FC6E8890 /* [CP] Check Pods Manifest.lock */,
				4ADC9EFB2329FD7C00DD8ED9 /* Sources */,
				4ADC9EFC2329FD7C00DD8ED9 /* Frameworks */,
				4ADC9EFD2329FD7C00DD8ED9 /* Resources */,
				C84CD0D1D6AF1952D18F7F45 /* [CP] Embed Pods Frameworks */,
			);
			buildRules = (
			);
			dependencies = (
			);
			name = "PollutionCalendar-POC";
			productName = "PollutionCalendar-POC";
			productReference = 4ADC9EFF2329FD7C00DD8ED9 /* PollutionCalendar-POC.app */;
			productType = "com.apple.product-type.application";
		};
/* End PBXNativeTarget section */

/* Begin PBXProject section */
		4ADC9EF72329FD7C00DD8ED9 /* Project object */ = {
			isa = PBXProject;
			attributes = {
				LastSwiftUpdateCheck = 1100;
				LastUpgradeCheck = 1100;
				ORGANIZATIONNAME = Kimchheang;
				TargetAttributes = {
					4ADC9EFE2329FD7C00DD8ED9 = {
						CreatedOnToolsVersion = 11.0;
					};
				};
			};
			buildConfigurationList = 4ADC9EFA2329FD7C00DD8ED9 /* Build configuration list for PBXProject "PollutionCalendar-POC" */;
			compatibilityVersion = "Xcode 9.3";
			developmentRegion = en;
			hasScannedForEncodings = 0;
			knownRegions = (
				en,
				Base,
			);
			mainGroup = 4ADC9EF62329FD7C00DD8ED9;
			productRefGroup = 4ADC9F002329FD7C00DD8ED9 /* Products */;
			projectDirPath = "";
			projectRoot = "";
			targets = (
				4ADC9EFE2329FD7C00DD8ED9 /* PollutionCalendar-POC */,
			);
		};
/* End PBXProject section */

/* Begin PBXResourcesBuildPhase section */
		4ADC9EFD2329FD7C00DD8ED9 /* Resources */ = {
			isa = PBXResourcesBuildPhase;
			buildActionMask = 2147483647;
			files = (
				4ADC9F0F2329FD7E00DD8ED9 /* LaunchScreen.storyboard in Resources */,
				4ADC9F0C2329FD7E00DD8ED9 /* Assets.xcassets in Resources */,
				4ADC9F0A2329FD7C00DD8ED9 /* Main.storyboard in Resources */,
			);
			runOnlyForDeploymentPostprocessing = 0;
		};
/* End PBXResourcesBuildPhase section */

/* Begin PBXShellScriptBuildPhase section */
		8949AEBACE16F288FC6E8890 /* [CP] Check Pods Manifest.lock */ = {
			isa = PBXShellScriptBuildPhase;
			buildActionMask = 2147483647;
			files = (
			);
			inputFileListPaths = (
			);
			inputPaths = (
				"${PODS_PODFILE_DIR_PATH}/Podfile.lock",
				"${PODS_ROOT}/Manifest.lock",
			);
			name = "[CP] Check Pods Manifest.lock";
			outputFileListPaths = (
			);
			outputPaths = (
				"$(DERIVED_FILE_DIR)/Pods-PollutionCalendar-POC-checkManifestLockResult.txt",
			);
			runOnlyForDeploymentPostprocessing = 0;
			shellPath = /bin/sh;
			shellScript = "diff \"${PODS_PODFILE_DIR_PATH}/Podfile.lock\" \"${PODS_ROOT}/Manifest.lock\" > /dev/null\nif [ $? != 0 ] ; then\n    # print error to STDERR\n    echo \"error: The sandbox is not in sync with the Podfile.lock. Run 'pod install' or update your CocoaPods installation.\" >&2\n    exit 1\nfi\n# This output is used by Xcode 'outputs' to avoid re-running this script phase.\necho \"SUCCESS\" > \"${SCRIPT_OUTPUT_FILE_0}\"\n";
			showEnvVarsInLog = 0;
		};
		C84CD0D1D6AF1952D18F7F45 /* [CP] Embed Pods Frameworks */ = {
			isa = PBXShellScriptBuildPhase;
			buildActionMask = 2147483647;
			files = (
			);
			inputFileListPaths = (
				"${PODS_ROOT}/Target Support Files/Pods-PollutionCalendar-POC/Pods-PollutionCalendar-POC-frameworks-${CONFIGURATION}-input-files.xcfilelist",
			);
			name = "[CP] Embed Pods Frameworks";
			outputFileListPaths = (
				"${PODS_ROOT}/Target Support Files/Pods-PollutionCalendar-POC/Pods-PollutionCalendar-POC-frameworks-${CONFIGURATION}-output-files.xcfilelist",
			);
			runOnlyForDeploymentPostprocessing = 0;
			shellPath = /bin/sh;
			shellScript = "\"${PODS_ROOT}/Target Support Files/Pods-PollutionCalendar-POC/Pods-PollutionCalendar-POC-frameworks.sh\"\n";
			showEnvVarsInLog = 0;
		};
/* End PBXShellScriptBuildPhase section */

/* Begin PBXSourcesBuildPhase section */
		4ADC9EFB2329FD7C00DD8ED9 /* Sources */ = {
			isa = PBXSourcesBuildPhase;
			buildActionMask = 2147483647;
			files = (
				4ADC9F1D232A599F00DD8ED9 /* AverageView.swift in Sources */,
				4ADC9F072329FD7C00DD8ED9 /* ViewController.swift in Sources */,
				4ADC9F032329FD7C00DD8ED9 /* AppDelegate.swift in Sources */,
				4ADC9F18232A033B00DD8ED9 /* DayCell.swift in Sources */,
				4ADC9F052329FD7C00DD8ED9 /* SceneDelegate.swift in Sources */,
				4ADC9F1B232A072F00DD8ED9 /* PollutionType.swift in Sources */,
			);
			runOnlyForDeploymentPostprocessing = 0;
		};
/* End PBXSourcesBuildPhase section */

/* Begin PBXVariantGroup section */
		4ADC9F082329FD7C00DD8ED9 /* Main.storyboard */ = {
			isa = PBXVariantGroup;
			children = (
				4ADC9F092329FD7C00DD8ED9 /* Base */,
			);
			name = Main.storyboard;
			sourceTree = "<group>";
		};
		4ADC9F0D2329FD7E00DD8ED9 /* LaunchScreen.storyboard */ = {
			isa = PBXVariantGroup;
			children = (
				4ADC9F0E2329FD7E00DD8ED9 /* Base */,
			);
			name = LaunchScreen.storyboard;
			sourceTree = "<group>";
		};
/* End PBXVariantGroup section */

/* Begin XCBuildConfiguration section */
		4ADC9F112329FD7E00DD8ED9 /* Debug */ = {
			isa = XCBuildConfiguration;
			buildSettings = {
				ALWAYS_SEARCH_USER_PATHS = NO;
				CLANG_ANALYZER_NONNULL = YES;
				CLANG_ANALYZER_NUMBER_OBJECT_CONVERSION = YES_AGGRESSIVE;
				CLANG_CXX_LANGUAGE_STANDARD = "gnu++14";
				CLANG_CXX_LIBRARY = "libc++";
				CLANG_ENABLE_MODULES = YES;
				CLANG_ENABLE_OBJC_ARC = YES;
				CLANG_ENABLE_OBJC_WEAK = YES;
				CLANG_WARN_BLOCK_CAPTURE_AUTORELEASING = YES;
				CLANG_WARN_BOOL_CONVERSION = YES;
				CLANG_WARN_COMMA = YES;
				CLANG_WARN_CONSTANT_CONVERSION = YES;
				CLANG_WARN_DEPRECATED_OBJC_IMPLEMENTATIONS = YES;
				CLANG_WARN_DIRECT_OBJC_ISA_USAGE = YES_ERROR;
				CLANG_WARN_DOCUMENTATION_COMMENTS = YES;
				CLANG_WARN_EMPTY_BODY = YES;
				CLANG_WARN_ENUM_CONVERSION = YES;
				CLANG_WARN_INFINITE_RECURSION = YES;
				CLANG_WARN_INT_CONVERSION = YES;
				CLANG_WARN_NON_LITERAL_NULL_CONVERSION = YES;
				CLANG_WARN_OBJC_IMPLICIT_RETAIN_SELF = YES;
				CLANG_WARN_OBJC_LITERAL_CONVERSION = YES;
				CLANG_WARN_OBJC_ROOT_CLASS = YES_ERROR;
				CLANG_WARN_RANGE_LOOP_ANALYSIS = YES;
				CLANG_WARN_STRICT_PROTOTYPES = YES;
				CLANG_WARN_SUSPICIOUS_MOVE = YES;
				CLANG_WARN_UNGUARDED_AVAILABILITY = YES_AGGRESSIVE;
				CLANG_WARN_UNREACHABLE_CODE = YES;
				CLANG_WARN__DUPLICATE_METHOD_MATCH = YES;
				COPY_PHASE_STRIP = NO;
				DEBUG_INFORMATION_FORMAT = dwarf;
				ENABLE_STRICT_OBJC_MSGSEND = YES;
				ENABLE_TESTABILITY = YES;
				GCC_C_LANGUAGE_STANDARD = gnu11;
				GCC_DYNAMIC_NO_PIC = NO;
				GCC_NO_COMMON_BLOCKS = YES;
				GCC_OPTIMIZATION_LEVEL = 0;
				GCC_PREPROCESSOR_DEFINITIONS = (
					"DEBUG=1",
					"$(inherited)",
				);
				GCC_WARN_64_TO_32_BIT_CONVERSION = YES;
				GCC_WARN_ABOUT_RETURN_TYPE = YES_ERROR;
				GCC_WARN_UNDECLARED_SELECTOR = YES;
				GCC_WARN_UNINITIALIZED_AUTOS = YES_AGGRESSIVE;
				GCC_WARN_UNUSED_FUNCTION = YES;
				GCC_WARN_UNUSED_VARIABLE = YES;
				IPHONEOS_DEPLOYMENT_TARGET = 13.0;
				MTL_ENABLE_DEBUG_INFO = INCLUDE_SOURCE;
				MTL_FAST_MATH = YES;
				ONLY_ACTIVE_ARCH = YES;
				SDKROOT = iphoneos;
				SWIFT_ACTIVE_COMPILATION_CONDITIONS = DEBUG;
				SWIFT_OPTIMIZATION_LEVEL = "-Onone";
			};
			name = Debug;
		};
		4ADC9F122329FD7E00DD8ED9 /* Release */ = {
			isa = XCBuildConfiguration;
			buildSettings = {
				ALWAYS_SEARCH_USER_PATHS = NO;
				CLANG_ANALYZER_NONNULL = YES;
				CLANG_ANALYZER_NUMBER_OBJECT_CONVERSION = YES_AGGRESSIVE;
				CLANG_CXX_LANGUAGE_STANDARD = "gnu++14";
				CLANG_CXX_LIBRARY = "libc++";
				CLANG_ENABLE_MODULES = YES;
				CLANG_ENABLE_OBJC_ARC = YES;
				CLANG_ENABLE_OBJC_WEAK = YES;
				CLANG_WARN_BLOCK_CAPTURE_AUTORELEASING = YES;
				CLANG_WARN_BOOL_CONVERSION = YES;
				CLANG_WARN_COMMA = YES;
				CLANG_WARN_CONSTANT_CONVERSION = YES;
				CLANG_WARN_DEPRECATED_OBJC_IMPLEMENTATIONS = YES;
				CLANG_WARN_DIRECT_OBJC_ISA_USAGE = YES_ERROR;
				CLANG_WARN_DOCUMENTATION_COMMENTS = YES;
				CLANG_WARN_EMPTY_BODY = YES;
				CLANG_WARN_ENUM_CONVERSION = YES;
				CLANG_WARN_INFINITE_RECURSION = YES;
				CLANG_WARN_INT_CONVERSION = YES;
				CLANG_WARN_NON_LITERAL_NULL_CONVERSION = YES;
				CLANG_WARN_OBJC_IMPLICIT_RETAIN_SELF = YES;
				CLANG_WARN_OBJC_LITERAL_CONVERSION = YES;
				CLANG_WARN_OBJC_ROOT_CLASS = YES_ERROR;
				CLANG_WARN_RANGE_LOOP_ANALYSIS = YES;
				CLANG_WARN_STRICT_PROTOTYPES = YES;
				CLANG_WARN_SUSPICIOUS_MOVE = YES;
				CLANG_WARN_UNGUARDED_AVAILABILITY = YES_AGGRESSIVE;
				CLANG_WARN_UNREACHABLE_CODE = YES;
				CLANG_WARN__DUPLICATE_METHOD_MATCH = YES;
				COPY_PHASE_STRIP = NO;
				DEBUG_INFORMATION_FORMAT = "dwarf-with-dsym";
				ENABLE_NS_ASSERTIONS = NO;
				ENABLE_STRICT_OBJC_MSGSEND = YES;
				GCC_C_LANGUAGE_STANDARD = gnu11;
				GCC_NO_COMMON_BLOCKS = YES;
				GCC_WARN_64_TO_32_BIT_CONVERSION = YES;
				GCC_WARN_ABOUT_RETURN_TYPE = YES_ERROR;
				GCC_WARN_UNDECLARED_SELECTOR = YES;
				GCC_WARN_UNINITIALIZED_AUTOS = YES_AGGRESSIVE;
				GCC_WARN_UNUSED_FUNCTION = YES;
				GCC_WARN_UNUSED_VARIABLE = YES;
				IPHONEOS_DEPLOYMENT_TARGET = 13.0;
				MTL_ENABLE_DEBUG_INFO = NO;
				MTL_FAST_MATH = YES;
				SDKROOT = iphoneos;
				SWIFT_COMPILATION_MODE = wholemodule;
				SWIFT_OPTIMIZATION_LEVEL = "-O";
				VALIDATE_PRODUCT = YES;
			};
			name = Release;
		};
		4ADC9F142329FD7E00DD8ED9 /* Debug */ = {
			isa = XCBuildConfiguration;
			baseConfigurationReference = 80EF3953245D493FE7771079 /* Pods-PollutionCalendar-POC.debug.xcconfig */;
			buildSettings = {
				ASSETCATALOG_COMPILER_APPICON_NAME = AppIcon;
				CODE_SIGN_STYLE = Automatic;
				DEVELOPMENT_TEAM = BGE3C94NWY;
				INFOPLIST_FILE = "PollutionCalendar-POC/Info.plist";
				LD_RUNPATH_SEARCH_PATHS = (
					"$(inherited)",
					"@executable_path/Frameworks",
				);
				PRODUCT_BUNDLE_IDENTIFIER = "com.kimchheang.PollutionCalendar-POC";
				PRODUCT_NAME = "$(TARGET_NAME)";
				SWIFT_VERSION = 5.0;
				TARGETED_DEVICE_FAMILY = "1,2";
			};
			name = Debug;
		};
		4ADC9F152329FD7E00DD8ED9 /* Release */ = {
			isa = XCBuildConfiguration;
			baseConfigurationReference = 5D191404349FFAFEE3095240 /* Pods-PollutionCalendar-POC.release.xcconfig */;
			buildSettings = {
				ASSETCATALOG_COMPILER_APPICON_NAME = AppIcon;
				CODE_SIGN_STYLE = Automatic;
				DEVELOPMENT_TEAM = BGE3C94NWY;
				INFOPLIST_FILE = "PollutionCalendar-POC/Info.plist";
				LD_RUNPATH_SEARCH_PATHS = (
					"$(inherited)",
					"@executable_path/Frameworks",
				);
				PRODUCT_BUNDLE_IDENTIFIER = "com.kimchheang.PollutionCalendar-POC";
				PRODUCT_NAME = "$(TARGET_NAME)";
				SWIFT_VERSION = 5.0;
				TARGETED_DEVICE_FAMILY = "1,2";
			};
			name = Release;
		};
/* End XCBuildConfiguration section */

/* Begin XCConfigurationList section */
		4ADC9EFA2329FD7C00DD8ED9 /* Build configuration list for PBXProject "PollutionCalendar-POC" */ = {
			isa = XCConfigurationList;
			buildConfigurations = (
				4ADC9F112329FD7E00DD8ED9 /* Debug */,
				4ADC9F122329FD7E00DD8ED9 /* Release */,
			);
			defaultConfigurationIsVisible = 0;
			defaultConfigurationName = Release;
		};
		4ADC9F132329FD7E00DD8ED9 /* Build configuration list for PBXNativeTarget "PollutionCalendar-POC" */ = {
			isa = XCConfigurationList;
			buildConfigurations = (
				4ADC9F142329FD7E00DD8ED9 /* Debug */,
				4ADC9F152329FD7E00DD8ED9 /* Release */,
			);
			defaultConfigurationIsVisible = 0;
			defaultConfigurationName = Release;
		};
/* End XCConfigurationList section */
	};
	rootObject = 4ADC9EF72329FD7C00DD8ED9 /* Project object */;
}
